// !$*UTF8*$!
{
	archiveVersion = 1;
	classes = {
	};
	objectVersion = 46;
	objects = {

/* Begin PBXBuildFile section */
		ACD2F2921AC193AE00C80577 /* AppDelegate.swift in Sources */ = {isa = PBXBuildFile; fileRef = ACD2F2911AC193AE00C80577 /* AppDelegate.swift */; };
		ACD2F2941AC193AE00C80577 /* RecordSoundViewController.swift in Sources */ = {isa = PBXBuildFile; fileRef = ACD2F2931AC193AE00C80577 /* RecordSoundViewController.swift */; };
		ACD2F2971AC193AE00C80577 /* Main.storyboard in Resources */ = {isa = PBXBuildFile; fileRef = ACD2F2951AC193AE00C80577 /* Main.storyboard */; };
		ACD2F2991AC193AE00C80577 /* Images.xcassets in Resources */ = {isa = PBXBuildFile; fileRef = ACD2F2981AC193AE00C80577 /* Images.xcassets */; };
		ACD2F29C1AC193AE00C80577 /* LaunchScreen.xib in Resources */ = {isa = PBXBuildFile; fileRef = ACD2F29A1AC193AE00C80577 /* LaunchScreen.xib */; };
		ACD2F2A81AC193AE00C80577 /* PitchPerfectTests.swift in Sources */ = {isa = PBXBuildFile; fileRef = ACD2F2A71AC193AE00C80577 /* PitchPerfectTests.swift */; };
		ACD2F2B21AC1AA4B00C80577 /* PlaySoundsViewController.swift in Sources */ = {isa = PBXBuildFile; fileRef = ACD2F2B11AC1AA4B00C80577 /* PlaySoundsViewController.swift */; };
		ACD2F2B41AC1AE6A00C80577 /* movie_quote.mp3 in Resources */ = {isa = PBXBuildFile; fileRef = ACD2F2B31AC1AE6A00C80577 /* movie_quote.mp3 */; };
		ACD2F2B61AC1C27D00C80577 /* RecordedAudio.swift in Sources */ = {isa = PBXBuildFile; fileRef = ACD2F2B51AC1C27D00C80577 /* RecordedAudio.swift */; };
/* End PBXBuildFile section */

/* Begin PBXContainerItemProxy section */
		ACD2F2A21AC193AE00C80577 /* PBXContainerItemProxy */ = {
			isa = PBXContainerItemProxy;
			containerPortal = ACD2F2841AC193AE00C80577 /* Project object */;
			proxyType = 1;
			remoteGlobalIDString = ACD2F28B1AC193AE00C80577;
			remoteInfo = PitchPerfect;
		};
/* End PBXContainerItemProxy section */

/* Begin PBXFileReference section */
		ACD2F28C1AC193AE00C80577 /* PitchPerfect.app */ = {isa = PBXFileReference; explicitFileType = wrapper.application; includeInIndex = 0; path = PitchPerfect.app; sourceTree = BUILT_PRODUCTS_DIR; };
		ACD2F2901AC193AE00C80577 /* Info.plist */ = {isa = PBXFileReference; lastKnownFileType = text.plist.xml; path = Info.plist; sourceTree = "<group>"; };
		ACD2F2911AC193AE00C80577 /* AppDelegate.swift */ = {isa = PBXFileReference; lastKnownFileType = sourcecode.swift; path = AppDelegate.swift; sourceTree = "<group>"; };
		ACD2F2931AC193AE00C80577 /* RecordSoundViewController.swift */ = {isa = PBXFileReference; lastKnownFileType = sourcecode.swift; path = RecordSoundViewController.swift; sourceTree = "<group>"; };
		ACD2F2961AC193AE00C80577 /* Base */ = {isa = PBXFileReference; lastKnownFileType = file.storyboard; name = Base; path = Base.lproj/Main.storyboard; sourceTree = "<group>"; };
		ACD2F2981AC193AE00C80577 /* Images.xcassets */ = {isa = PBXFileReference; lastKnownFileType = folder.assetcatalog; path = Images.xcassets; sourceTree = "<group>"; };
		ACD2F29B1AC193AE00C80577 /* Base */ = {isa = PBXFileReference; lastKnownFileType = file.xib; name = Base; path = Base.lproj/LaunchScreen.xib; sourceTree = "<group>"; };
		ACD2F2A11AC193AE00C80577 /* PitchPerfectTests.xctest */ = {isa = PBXFileReference; explicitFileType = wrapper.cfbundle; includeInIndex = 0; path = PitchPerfectTests.xctest; sourceTree = BUILT_PRODUCTS_DIR; };
		ACD2F2A61AC193AE00C80577 /* Info.plist */ = {isa = PBXFileReference; lastKnownFileType = text.plist.xml; path = Info.plist; sourceTree = "<group>"; };
		ACD2F2A71AC193AE00C80577 /* PitchPerfectTests.swift */ = {isa = PBXFileReference; lastKnownFileType = sourcecode.swift; path = PitchPerfectTests.swift; sourceTree = "<group>"; };
		ACD2F2B11AC1AA4B00C80577 /* PlaySoundsViewController.swift */ = {isa = PBXFileReference; fileEncoding = 4; lastKnownFileType = sourcecode.swift; path = PlaySoundsViewController.swift; sourceTree = "<group>"; };
		ACD2F2B31AC1AE6A00C80577 /* movie_quote.mp3 */ = {isa = PBXFileReference; lastKnownFileType = audio.mp3; name = movie_quote.mp3; path = ../../../Downloads/movie_quote.mp3; sourceTree = "<group>"; };
		ACD2F2B51AC1C27D00C80577 /* RecordedAudio.swift */ = {isa = PBXFileReference; fileEncoding = 4; lastKnownFileType = sourcecode.swift; path = RecordedAudio.swift; sourceTree = "<group>"; };
/* End PBXFileReference section */

/* Begin PBXFrameworksBuildPhase section */
		ACD2F2891AC193AE00C80577 /* Frameworks */ = {
			isa = PBXFrameworksBuildPhase;
			buildActionMask = 2147483647;
			files = (
			);
			runOnlyForDeploymentPostprocessing = 0;
		};
		ACD2F29E1AC193AE00C80577 /* Frameworks */ = {
			isa = PBXFrameworksBuildPhase;
			buildActionMask = 2147483647;
			files = (
			);
			runOnlyForDeploymentPostprocessing = 0;
		};
/* End PBXFrameworksBuildPhase section */

/* Begin PBXGroup section */
		ACD2F2831AC193AE00C80577 = {
			isa = PBXGroup;
			children = (
				ACD2F28E1AC193AE00C80577 /* PitchPerfect */,
				ACD2F2A41AC193AE00C80577 /* PitchPerfectTests */,
				ACD2F28D1AC193AE00C80577 /* Products */,
			);
			sourceTree = "<group>";
		};
		ACD2F28D1AC193AE00C80577 /* Products */ = {
			isa = PBXGroup;
			children = (
				ACD2F28C1AC193AE00C80577 /* PitchPerfect.app */,
				ACD2F2A11AC193AE00C80577 /* PitchPerfectTests.xctest */,
			);
			name = Products;
			sourceTree = "<group>";
		};
		ACD2F28E1AC193AE00C80577 /* PitchPerfect */ = {
			isa = PBXGroup;
			children = (
				ACD2F2911AC193AE00C80577 /* AppDelegate.swift */,
				ACD2F2931AC193AE00C80577 /* RecordSoundViewController.swift */,
				ACD2F2951AC193AE00C80577 /* Main.storyboard */,
				ACD2F2B51AC1C27D00C80577 /* RecordedAudio.swift */,
				ACD2F2B11AC1AA4B00C80577 /* PlaySoundsViewController.swift */,
				ACD2F2981AC193AE00C80577 /* Images.xcassets */,
				ACD2F29A1AC193AE00C80577 /* LaunchScreen.xib */,
				ACD2F28F1AC193AE00C80577 /* Supporting Files */,
			);
			path = PitchPerfect;
			sourceTree = "<group>";
		};
		ACD2F28F1AC193AE00C80577 /* Supporting Files */ = {
			isa = PBXGroup;
			children = (
				ACD2F2B31AC1AE6A00C80577 /* movie_quote.mp3 */,
				ACD2F2901AC193AE00C80577 /* Info.plist */,
			);
			name = "Supporting Files";
			sourceTree = "<group>";
		};
		ACD2F2A41AC193AE00C80577 /* PitchPerfectTests */ = {
			isa = PBXGroup;
			children = (
				ACD2F2A71AC193AE00C80577 /* PitchPerfectTests.swift */,
				ACD2F2A51AC193AE00C80577 /* Supporting Files */,
			);
			path = PitchPerfectTests;
			sourceTree = "<group>";
		};
		ACD2F2A51AC193AE00C80577 /* Supporting Files */ = {
			isa = PBXGroup;
			children = (
				ACD2F2A61AC193AE00C80577 /* Info.plist */,
			);
			name = "Supporting Files";
			sourceTree = "<group>";
		};
/* End PBXGroup section */

/* Begin PBXNativeTarget section */
		ACD2F28B1AC193AE00C80577 /* PitchPerfect */ = {
			isa = PBXNativeTarget;
			buildConfigurationList = ACD2F2AB1AC193AE00C80577 /* Build configuration list for PBXNativeTarget "PitchPerfect" */;
			buildPhases = (
				ACD2F2881AC193AE00C80577 /* Sources */,
				ACD2F2891AC193AE00C80577 /* Frameworks */,
				ACD2F28A1AC193AE00C80577 /* Resources */,
			);
			buildRules = (
			);
			dependencies = (
			);
			name = PitchPerfect;
			productName = PitchPerfect;
			productReference = ACD2F28C1AC193AE00C80577 /* PitchPerfect.app */;
			productType = "com.apple.product-type.application";
		};
		ACD2F2A01AC193AE00C80577 /* PitchPerfectTests */ = {
			isa = PBXNativeTarget;
			buildConfigurationList = ACD2F2AE1AC193AE00C80577 /* Build configuration list for PBXNativeTarget "PitchPerfectTests" */;
			buildPhases = (
				ACD2F29D1AC193AE00C80577 /* Sources */,
				ACD2F29E1AC193AE00C80577 /* Frameworks */,
				ACD2F29F1AC193AE00C80577 /* Resources */,
			);
			buildRules = (
			);
			dependencies = (
				ACD2F2A31AC193AE00C80577 /* PBXTargetDependency */,
			);
			name = PitchPerfectTests;
			productName = PitchPerfectTests;
			productReference = ACD2F2A11AC193AE00C80577 /* PitchPerfectTests.xctest */;
			productType = "com.apple.product-type.bundle.unit-test";
		};
/* End PBXNativeTarget section */

/* Begin PBXProject section */
		ACD2F2841AC193AE00C80577 /* Project object */ = {
			isa = PBXProject;
			attributes = {
				LastUpgradeCheck = 0600;
				ORGANIZATIONNAME = bluecup;
				TargetAttributes = {
					ACD2F28B1AC193AE00C80577 = {
						CreatedOnToolsVersion = 6.0.1;
					};
					ACD2F2A01AC193AE00C80577 = {
						CreatedOnToolsVersion = 6.0.1;
						TestTargetID = ACD2F28B1AC193AE00C80577;
					};
				};
			};
			buildConfigurationList = ACD2F2871AC193AE00C80577 /* Build configuration list for PBXProject "PitchPerfect" */;
			compatibilityVersion = "Xcode 3.2";
			developmentRegion = English;
			hasScannedForEncodings = 0;
			knownRegions = (
				en,
				Base,
			);
			mainGroup = ACD2F2831AC193AE00C80577;
			productRefGroup = ACD2F28D1AC193AE00C80577 /* Products */;
			projectDirPath = "";
			projectRoot = "";
			targets = (
				ACD2F28B1AC193AE00C80577 /* PitchPerfect */,
				ACD2F2A01AC193AE00C80577 /* PitchPerfectTests */,
			);
		};
/* End PBXProject section */

/* Begin PBXResourcesBuildPhase section */
		ACD2F28A1AC193AE00C80577 /* Resources */ = {
			isa = PBXResourcesBuildPhase;
			buildActionMask = 2147483647;
			files = (
				ACD2F2971AC193AE00C80577 /* Main.storyboard in Resources */,
				ACD2F29C1AC193AE00C80577 /* LaunchScreen.xib in Resources */,
				ACD2F2B41AC1AE6A00C80577 /* movie_quote.mp3 in Resources */,
				ACD2F2991AC193AE00C80577 /* Images.xcassets in Resources */,
			);
			runOnlyForDeploymentPostprocessing = 0;
		};
		ACD2F29F1AC193AE00C80577 /* Resources */ = {
			isa = PBXResourcesBuildPhase;
			buildActionMask = 2147483647;
			files = (
			);
			runOnlyForDeploymentPostprocessing = 0;
		};
/* End PBXResourcesBuildPhase section */

/* Begin PBXSourcesBuildPhase section */
		ACD2F2881AC193AE00C80577 /* Sources */ = {
			isa = PBXSourcesBuildPhase;
			buildActionMask = 2147483647;
			files = (
				ACD2F2B61AC1C27D00C80577 /* RecordedAudio.swift in Sources */,
				ACD2F2941AC193AE00C80577 /* RecordSoundViewController.swift in Sources */,
				ACD2F2B21AC1AA4B00C80577 /* PlaySoundsViewController.swift in Sources */,
				ACD2F2921AC193AE00C80577 /* AppDelegate.swift in Sources */,
			);
			runOnlyForDeploymentPostprocessing = 0;
		};
		ACD2F29D1AC193AE00C80577 /* Sources */ = {
			isa = PBXSourcesBuildPhase;
			buildActionMask = 2147483647;
			files = (
				ACD2F2A81AC193AE00C80577 /* PitchPerfectTests.swift in Sources */,
			);
			runOnlyForDeploymentPostprocessing = 0;
		};
/* End PBXSourcesBuildPhase section */

/* Begin PBXTargetDependency section */
		ACD2F2A31AC193AE00C80577 /* PBXTargetDependency */ = {
			isa = PBXTargetDependency;
			target = ACD2F28B1AC193AE00C80577 /* PitchPerfect */;
			targetProxy = ACD2F2A21AC193AE00C80577 /* PBXContainerItemProxy */;
		};
/* End PBXTargetDependency section */

/* Begin PBXVariantGroup section */
		ACD2F2951AC193AE00C80577 /* Main.storyboard */ = {
			isa = PBXVariantGroup;
			children = (
				ACD2F2961AC193AE00C80577 /* Base */,
			);
			name = Main.storyboard;
			sourceTree = "<group>";
		};
		ACD2F29A1AC193AE00C80577 /* LaunchScreen.xib */ = {
			isa = PBXVariantGroup;
			children = (
				ACD2F29B1AC193AE00C80577 /* Base */,
			);
			name = LaunchScreen.xib;
			sourceTree = "<group>";
		};
/* End PBXVariantGroup section */

/* Begin XCBuildConfiguration section */
		ACD2F2A91AC193AE00C80577 /* Debug */ = {
			isa = XCBuildConfiguration;
			buildSettings = {
				ALWAYS_SEARCH_USER_PATHS = NO;
				CLANG_CXX_LANGUAGE_STANDARD = "gnu++0x";
				CLANG_CXX_LIBRARY = "libc++";
				CLANG_ENABLE_MODULES = YES;
				CLANG_ENABLE_OBJC_ARC = YES;
				CLANG_WARN_BOOL_CONVERSION = YES;
				CLANG_WARN_CONSTANT_CONVERSION = YES;
				CLANG_WARN_DIRECT_OBJC_ISA_USAGE = YES_ERROR;
				CLANG_WARN_EMPTY_BODY = YES;
				CLANG_WARN_ENUM_CONVERSION = YES;
				CLANG_WARN_INT_CONVERSION = YES;
				CLANG_WARN_OBJC_ROOT_CLASS = YES_ERROR;
				CLANG_WARN_UNREACHABLE_CODE = YES;
				CLANG_WARN__DUPLICATE_METHOD_MATCH = YES;
				"CODE_SIGN_IDENTITY[sdk=iphoneos*]" = "iPhone Developer";
				COPY_PHASE_STRIP = NO;
				ENABLE_STRICT_OBJC_MSGSEND = YES;
				GCC_C_LANGUAGE_STANDARD = gnu99;
				GCC_DYNAMIC_NO_PIC = NO;
				GCC_OPTIMIZATION_LEVEL = 0;
				GCC_PREPROCESSOR_DEFINITIONS = (
					"DEBUG=1",
					"$(inherited)",
				);
				GCC_SYMBOLS_PRIVATE_EXTERN = NO;
				GCC_WARN_64_TO_32_BIT_CONVERSION = YES;
				GCC_WARN_ABOUT_RETURN_TYPE = YES_ERROR;
				GCC_WARN_UNDECLARED_SELECTOR = YES;
				GCC_WARN_UNINITIALIZED_AUTOS = YES_AGGRESSIVE;
				GCC_WARN_UNUSED_FUNCTION = YES;
				GCC_WARN_UNUSED_VARIABLE = YES;
				IPHONEOS_DEPLOYMENT_TARGET = 8.0;
				MTL_ENABLE_DEBUG_INFO = YES;
				ONLY_ACTIVE_ARCH = YES;
				SDKROOT = iphoneos;
				SWIFT_OPTIMIZATION_LEVEL = "-Onone";
			};
			name = Debug;
		};
		ACD2F2AA1AC193AE00C80577 /* Release */ = {
			isa = XCBuildConfiguration;
			buildSettings = {
				ALWAYS_SEARCH_USER_PATHS = NO;
				CLANG_CXX_LANGUAGE_STANDARD = "gnu++0x";
				CLANG_CXX_LIBRARY = "libc++";
				CLANG_ENABLE_MODULES = YES;
				CLANG_ENABLE_OBJC_ARC = YES;
				CLANG_WARN_BOOL_CONVERSION = YES;
				CLANG_WARN_CONSTANT_CONVERSION = YES;
				CLANG_WARN_DIRECT_OBJC_ISA_USAGE = YES_ERROR;
				CLANG_WARN_EMPTY_BODY = YES;
				CLANG_WARN_ENUM_CONVERSION = YES;
				CLANG_WARN_INT_CONVERSION = YES;
				CLANG_WARN_OBJC_ROOT_CLASS = YES_ERROR;
				CLANG_WARN_UNREACHABLE_CODE = YES;
				CLANG_WARN__DUPLICATE_METHOD_MATCH = YES;
				"CODE_SIGN_IDENTITY[sdk=iphoneos*]" = "iPhone Developer";
				COPY_PHASE_STRIP = YES;
				ENABLE_NS_ASSERTIONS = NO;
				ENABLE_STRICT_OBJC_MSGSEND = YES;
				GCC_C_LANGUAGE_STANDARD = gnu99;
				GCC_WARN_64_TO_32_BIT_CONVERSION = YES;
				GCC_WARN_ABOUT_RETURN_TYPE = YES_ERROR;
				GCC_WARN_UNDECLARED_SELECTOR = YES;
				GCC_WARN_UNINITIALIZED_AUTOS = YES_AGGRESSIVE;
				GCC_WARN_UNUSED_FUNCTION = YES;
				GCC_WARN_UNUSED_VARIABLE = YES;
				IPHONEOS_DEPLOYMENT_TARGET = 8.0;
				MTL_ENABLE_DEBUG_INFO = NO;
				SDKROOT = iphoneos;
				VALIDATE_PRODUCT = YES;
			};
			name = Release;
		};
		ACD2F2AC1AC193AE00C80577 /* Debug */ = {
			isa = XCBuildConfiguration;
			buildSettings = {
				ASSETCATALOG_COMPILER_APPICON_NAME = AppIcon;
				INFOPLIST_FILE = PitchPerfect/Info.plist;
				IPHONEOS_DEPLOYMENT_TARGET = 7.0;
				LD_RUNPATH_SEARCH_PATHS = "$(inherited) @executable_path/Frameworks";
				PRODUCT_NAME = "$(TARGET_NAME)";
			};
			name = Debug;
		};
		ACD2F2AD1AC193AE00C80577 /* Release */ = {
			isa = XCBuildConfiguration;
			buildSettings = {
				ASSETCATALOG_COMPILER_APPICON_NAME = AppIcon;
				INFOPLIST_FILE = PitchPerfect/Info.plist;
				IPHONEOS_DEPLOYMENT_TARGET = 7.0;
				LD_RUNPATH_SEARCH_PATHS = "$(inherited) @executable_path/Frameworks";
				PRODUCT_NAME = "$(TARGET_NAME)";
			};
			name = Release;
		};
		ACD2F2AF1AC193AE00C80577 /* Debug */ = {
			isa = XCBuildConfiguration;
			buildSettings = {
				BUNDLE_LOADER = "$(TEST_HOST)";
				FRAMEWORK_SEARCH_PATHS = (
					"$(SDKROOT)/Developer/Library/Frameworks",
					"$(inherited)",
				);
				GCC_PREPROCESSOR_DEFINITIONS = (
					"DEBUG=1",
					"$(inherited)",
				);
				INFOPLIST_FILE = PitchPerfectTests/Info.plist;
				LD_RUNPATH_SEARCH_PATHS = "$(inherited) @executable_path/Frameworks @loader_path/Frameworks";
				PRODUCT_NAME = "$(TARGET_NAME)";
				TEST_HOST = "$(BUILT_PRODUCTS_DIR)/PitchPerfect.app/PitchPerfect";
			};
			name = Debug;
		};
		ACD2F2B01AC193AE00C80577 /* Release */ = {
			isa = XCBuildConfiguration;
			buildSettings = {
				BUNDLE_LOADER = "$(TEST_HOST)";
				FRAMEWORK_SEARCH_PATHS = (
					"$(SDKROOT)/Developer/Library/Frameworks",
					"$(inherited)",
				);
				INFOPLIST_FILE = PitchPerfectTests/Info.plist;
				LD_RUNPATH_SEARCH_PATHS = "$(inherited) @executable_path/Frameworks @loader_path/Frameworks";
				PRODUCT_NAME = "$(TARGET_NAME)";
				TEST_HOST = "$(BUILT_PRODUCTS_DIR)/PitchPerfect.app/PitchPerfect";
			};
			name = Release;
		};
/* End XCBuildConfiguration section */

/* Begin XCConfigurationList section */
		ACD2F2871AC193AE00C80577 /* Build configuration list for PBXProject "PitchPerfect" */ = {
			isa = XCConfigurationList;
			buildConfigurations = (
				ACD2F2A91AC193AE00C80577 /* Debug */,
				ACD2F2AA1AC193AE00C80577 /* Release */,
			);
			defaultConfigurationIsVisible = 0;
			defaultConfigurationName = Release;
		};
		ACD2F2AB1AC193AE00C80577 /* Build configuration list for PBXNativeTarget "PitchPerfect" */ = {
			isa = XCConfigurationList;
			buildConfigurations = (
				ACD2F2AC1AC193AE00C80577 /* Debug */,
				ACD2F2AD1AC193AE00C80577 /* Release */,
			);
			defaultConfigurationIsVisible = 0;
		};
		ACD2F2AE1AC193AE00C80577 /* Build configuration list for PBXNativeTarget "PitchPerfectTests" */ = {
			isa = XCConfigurationList;
			buildConfigurations = (
				ACD2F2AF1AC193AE00C80577 /* Debug */,
				ACD2F2B01AC193AE00C80577 /* Release */,
			);
			defaultConfigurationIsVisible = 0;
		};
/* End XCConfigurationList section */
	};
	rootObject = ACD2F2841AC193AE00C80577 /* Project object */;
}
